
Microsoft Visual Studio Solution File, Format Version 12.00
# Visual Studio Version 17
VisualStudioVersion = 17.5.33627.172
MinimumVisualStudioVersion = 10.0.40219.1
Project("{9A19103F-16F7-4668-BE54-9A1E7A4F7556}") = "MetzgerSkylerExercises1", "MetzgerSkylerExercises1.csproj", "{DCE05FAC-928C-4389-9B1A-C3D6B73E579D}"
EndProject
Global
	GlobalSection(SolutionConfigurationPlatforms) = preSolution
		Debug|Any CPU = Debug|Any CPU
		Release|Any CPU = Release|Any CPU
	EndGlobalSection
	GlobalSection(ProjectConfigurationPlatforms) = postSolution
		{DCE05FAC-928C-4389-9B1A-C3D6B73E579D}.Debug|Any CPU.ActiveCfg = Debug|Any CPU
		{DCE05FAC-928C-4389-9B1A-C3D6B73E579D}.Debug|Any CPU.Build.0 = Debug|Any CPU
		{DCE05FAC-928C-4389-9B1A-C3D6B73E579D}.Release|Any CPU.ActiveCfg = Release|Any CPU
		{DCE05FAC-928C-4389-9B1A-C3D6B73E579D}.Release|Any CPU.Build.0 = Release|Any CPU
	EndGlobalSection
	GlobalSection(SolutionProperties) = preSolution
		HideSolutionNode = FALSE
	EndGlobalSection
	GlobalSection(ExtensibilityGlobals) = postSolution
		SolutionGuid = {E256C4D5-AA97-4A16-8B37-D227DBCAEE7B}
	EndGlobalSection
EndGlobal
